
Microsoft Visual Studio Solution File, Format Version 12.00
# Visual Studio Version 16
VisualStudioVersion = 16.0.29911.84
MinimumVisualStudioVersion = 10.0.40219.1
Project("{151D2E53-A2C4-4D7D-83FE-D05416EBD58E}") = "LogicAppVS", "LogicAppVS.deployproj", "{A00C547B-A5FA-4297-9BDA-84ACCD2168E4}"
EndProject
Global
	GlobalSection(SolutionConfigurationPlatforms) = preSolution
		Debug|Any CPU = Debug|Any CPU
		Release|Any CPU = Release|Any CPU
	EndGlobalSection
	GlobalSection(ProjectConfigurationPlatforms) = postSolution
		{A00C547B-A5FA-4297-9BDA-84ACCD2168E4}.Debug|Any CPU.ActiveCfg = Debug|Any CPU
		{A00C547B-A5FA-4297-9BDA-84ACCD2168E4}.Debug|Any CPU.Build.0 = Debug|Any CPU
		{A00C547B-A5FA-4297-9BDA-84ACCD2168E4}.Release|Any CPU.ActiveCfg = Release|Any CPU
		{A00C547B-A5FA-4297-9BDA-84ACCD2168E4}.Release|Any CPU.Build.0 = Release|Any CPU
	EndGlobalSection
	GlobalSection(SolutionProperties) = preSolution
		HideSolutionNode = FALSE
	EndGlobalSection
	GlobalSection(ExtensibilityGlobals) = postSolution
		SolutionGuid = {174B284F-85E8-4226-9AB7-6CC4A3D8048C}
	EndGlobalSection
EndGlobal
